github.com/donnie4w/gofer v0.1.8 h1:b9JNNH16lbKLTJDSe0jhOdDdCqRb5ZjYYmoDcNc0lzo=
github.com/donnie4w/gofer v0.1.8/go.mod h1:ZxNRFqXhhIbb8CCVkf1BVGlTkowIqh2UjZ+yiWtAqAA=
github.com/donnie4w/gothrift v0.0.3 h1:y47tlNqBj2qzxdkoz6KGEKeHAsfw6WBJn561j+mPjgg=
github.com/donnie4w/gothrift v0.0.3/go.mod h1:fPp9X4VeeeykXHOGNMrWe9rWxbJ4oeUGO7YLVxk7QAQ=
github.com/golang/snappy v0.0.4 h1:yAGX7huGHXlcLOEtBnF4w7FQwA26wojNCwOYAEhLjQM=
github.com/golang/snappy v0.0.4/go.mod h1:/XxbfmMg8lxefKM7IXC3fBNl/7bRcc72aCRzEWrmP2Q=
github.com/google/btree v1.1.3 h1:CVpQJjYgC4VbzxeGVHfvZrv1ctoYCAI8vbl07Fcxlyg=
github.com/google/btree v1.1.3/go.mod h1:qOPhT0dTNdNzV6Z/lhRX0YXUafgPLFUh+gZMl761Gm4=
golang.org/x/exp v0.0.0-20240909161429-701f63a606c0 h1:e66Fs6Z+fZTbFBAxKfP3PALWBtpfqks2bwGcexMxgtk=
golang.org/x/exp v0.0.0-20240909161429-701f63a606c0/go.mod h1:2TbTHSBQa924w8M6Xs1QcRcFwyucIwBGpK1p2f1YFFY=
