github.com/donnie4w/gofer v0.1.9 h1:Sc4/YT6nDMhg8fm2JLytXFUEexpj7OiXx9nERqZQHdE=
github.com/donnie4w/gofer v0.1.9/go.mod h1:gprpjJF4dkOdjq+xw2oVUKLaTcfu97WRcR+daeUaQKo=
github.com/donnie4w/gothrift v0.0.3 h1:y47tlNqBj2qzxdkoz6KGEKeHAsfw6WBJn561j+mPjgg=
github.com/donnie4w/gothrift v0.0.3/go.mod h1:fPp9X4VeeeykXHOGNMrWe9rWxbJ4oeUGO7YLVxk7QAQ=
github.com/golang/snappy v0.0.4 h1:yAGX7huGHXlcLOEtBnF4w7FQwA26wojNCwOYAEhLjQM=
github.com/golang/snappy v0.0.4/go.mod h1:/XxbfmMg8lxefKM7IXC3fBNl/7bRcc72aCRzEWrmP2Q=
github.com/google/btree v1.1.3 h1:CVpQJjYgC4VbzxeGVHfvZrv1ctoYCAI8vbl07Fcxlyg=
github.com/google/btree v1.1.3/go.mod h1:qOPhT0dTNdNzV6Z/lhRX0YXUafgPLFUh+gZMl761Gm4=
golang.org/x/exp v0.0.0-20241108190413-2d47ceb2692f h1:XdNn9LlyWAhLVp6P/i8QYBW+hlyhrhei9uErw2B5GJo=
golang.org/x/exp v0.0.0-20241108190413-2d47ceb2692f/go.mod h1:D5SMRVC3C2/4+F/DB1wZsLRnSNimn2Sp/NPsCrsv8ak=
